
Microsoft Visual Studio Solution File, Format Version 12.00
# Visual Studio Version 17
VisualStudioVersion = 17.9.34616.47
MinimumVisualStudioVersion = 10.0.40219.1
Project("{FAE04EC0-301F-11D3-BF4B-00C04F79EFBC}") = "Doviz_Ofisi", "Doviz_Ofisi\Doviz_Ofisi.csproj", "{746EED8C-60E1-4ECC-9390-9E5D1B9B358A}"
EndProject
Global
	GlobalSection(SolutionConfigurationPlatforms) = preSolution
		Debug|Any CPU = Debug|Any CPU
		Release|Any CPU = Release|Any CPU
	EndGlobalSection
	GlobalSection(ProjectConfigurationPlatforms) = postSolution
		{746EED8C-60E1-4ECC-9390-9E5D1B9B358A}.Debug|Any CPU.ActiveCfg = Debug|Any CPU
		{746EED8C-60E1-4ECC-9390-9E5D1B9B358A}.Debug|Any CPU.Build.0 = Debug|Any CPU
		{746EED8C-60E1-4ECC-9390-9E5D1B9B358A}.Release|Any CPU.ActiveCfg = Release|Any CPU
		{746EED8C-60E1-4ECC-9390-9E5D1B9B358A}.Release|Any CPU.Build.0 = Release|Any CPU
	EndGlobalSection
	GlobalSection(SolutionProperties) = preSolution
		HideSolutionNode = FALSE
	EndGlobalSection
	GlobalSection(ExtensibilityGlobals) = postSolution
		SolutionGuid = {4A6ACA1B-04B5-4967-8645-D4A9851D2755}
	EndGlobalSection
EndGlobal
